
Microsoft Visual Studio Solution File, Format Version 12.00
# Visual Studio Version 16
VisualStudioVersion = 16.0.810.20
MinimumVisualStudioVersion = 10.0.40219.1
Project("{FAE04EC0-301F-11D3-BF4B-00C04F79EFBC}") = "KanyeAndRon", "KanyeAndRon\KanyeAndRon.csproj", "{9C8D5948-7B5E-41B3-8277-DF4A30FC8525}"
EndProject
Global
	GlobalSection(SolutionConfigurationPlatforms) = preSolution
		Debug|Any CPU = Debug|Any CPU
		Release|Any CPU = Release|Any CPU
	EndGlobalSection
	GlobalSection(ProjectConfigurationPlatforms) = postSolution
		{9C8D5948-7B5E-41B3-8277-DF4A30FC8525}.Debug|Any CPU.ActiveCfg = Debug|Any CPU
		{9C8D5948-7B5E-41B3-8277-DF4A30FC8525}.Debug|Any CPU.Build.0 = Debug|Any CPU
		{9C8D5948-7B5E-41B3-8277-DF4A30FC8525}.Release|Any CPU.ActiveCfg = Release|Any CPU
		{9C8D5948-7B5E-41B3-8277-DF4A30FC8525}.Release|Any CPU.Build.0 = Release|Any CPU
	EndGlobalSection
	GlobalSection(SolutionProperties) = preSolution
		HideSolutionNode = FALSE
	EndGlobalSection
	GlobalSection(ExtensibilityGlobals) = postSolution
		SolutionGuid = {A42F9C9F-F9F0-4037-BDF1-11B5D95C8D8B}
	EndGlobalSection
EndGlobal
